
Microsoft Visual Studio Solution File, Format Version 12.00
# Visual Studio Version 16
VisualStudioVersion = 16.0.30204.135
MinimumVisualStudioVersion = 10.0.40219.1
Project("{FAE04EC0-301F-11D3-BF4B-00C04F79EFBC}") = "SampleDemo", "SampleDemo\SampleDemo.csproj", "{5E8227F0-6D81-466F-8738-0F75A55F69D2}"
EndProject
Global
	GlobalSection(SolutionConfigurationPlatforms) = preSolution
		Debug|Any CPU = Debug|Any CPU
		Release|Any CPU = Release|Any CPU
	EndGlobalSection
	GlobalSection(ProjectConfigurationPlatforms) = postSolution
		{5E8227F0-6D81-466F-8738-0F75A55F69D2}.Debug|Any CPU.ActiveCfg = Debug|Any CPU
		{5E8227F0-6D81-466F-8738-0F75A55F69D2}.Debug|Any CPU.Build.0 = Debug|Any CPU
		{5E8227F0-6D81-466F-8738-0F75A55F69D2}.Release|Any CPU.ActiveCfg = Release|Any CPU
		{5E8227F0-6D81-466F-8738-0F75A55F69D2}.Release|Any CPU.Build.0 = Release|Any CPU
	EndGlobalSection
	GlobalSection(SolutionProperties) = preSolution
		HideSolutionNode = FALSE
	EndGlobalSection
	GlobalSection(ExtensibilityGlobals) = postSolution
		SolutionGuid = {3A31056B-9A03-4766-ABB4-F53B1AE4D9A9}
	EndGlobalSection
EndGlobal
